{
  "name": "assistant-tools",
  "version": "0.1.0-demo",
  "lockfileVersion": 3,
  "requires": true,
  "packages": {
    "": {
      "name": "assistant-tools",
      "version": "0.1.0-demo",
      "dependencies": {
        "playwright": "^1.47.0",
        "@modelcontextprotocol/sdk": "^1.0.0"
      }
    }
  }
}
